{
  "name": "tokyonight.scss",
  "version": "1.0.0",
  "lockfileVersion": 2,
  "requires": true,
  "packages": {
    "": {
      "name": "tokyonight.scss",
      "version": "1.0.0",
      "license": "MIT",
      "dependencies": {
        "@fontsource/dejavu-mono": "^4.5.2",
        "bootstrap": "^5.1.3",
        "dejavu-sans": "^1.0.0",
        "typeface-source-code-pro": "^1.1.13"
      }
    },
    "node_modules/@fontsource/dejavu-mono": {
      "version": "4.5.2",
      "resolved": "https://registry.npmjs.org/@fontsource/dejavu-mono/-/dejavu-mono-4.5.2.tgz",
      "integrity": "sha512-ZQloITsOYJ5+NWcf6lvPC2Vh/n6ET65mqykXTPKl5ydUcaX3DhAbchdoNhlx1csUCJRs7o1Rv0nMeiNOqHy52A=="
    },
    "node_modules/@popperjs/core": {
      "version": "2.11.2",
      "resolved": "https://registry.npmjs.org/@popperjs/core/-/core-2.11.2.tgz",
      "integrity": "sha512-92FRmppjjqz29VMJ2dn+xdyXZBrMlE42AV6Kq6BwjWV7CNUW1hs2FtxSNLQE+gJhaZ6AAmYuO9y8dshhcBl7vA==",
      "peer": true,
      "funding": {
        "type": "opencollective",
        "url": "https://opencollective.com/popperjs"
      }
    },
    "node_modules/bootstrap": {
      "version": "5.1.3",
      "resolved": "https://registry.npmjs.org/bootstrap/-/bootstrap-5.1.3.tgz",
      "integrity": "sha512-fcQztozJ8jToQWXxVuEyXWW+dSo8AiXWKwiSSrKWsRB/Qt+Ewwza+JWoLKiTuQLaEPhdNAJ7+Dosc9DOIqNy7Q==",
      "funding": {
        "type": "opencollective",
        "url": "https://opencollective.com/bootstrap"
      },
      "peerDependencies": {
        "@popperjs/core": "^2.10.2"
      }
    },
    "node_modules/dejavu-sans": {
      "version": "1.0.0",
      "resolved": "https://registry.npmjs.org/dejavu-sans/-/dejavu-sans-1.0.0.tgz",
      "integrity": "sha1-fDnRICZcJsUSCDrVdlvFwNEAsWQ="
    },
    "node_modules/typeface-source-code-pro": {
      "version": "1.1.13",
      "resolved": "https://registry.npmjs.org/typeface-source-code-pro/-/typeface-source-code-pro-1.1.13.tgz",
      "integrity": "sha512-TX3c89uW9uc5SJNFWY8HBFkZqcxcNY7nJz0rw+0Pk2ZVsog/v2d04yKRsPU+jJI4wFegOvWXbOWt927i/xUdIw=="
    }
  },
  "dependencies": {
    "@fontsource/dejavu-mono": {
      "version": "4.5.2",
      "resolved": "https://registry.npmjs.org/@fontsource/dejavu-mono/-/dejavu-mono-4.5.2.tgz",
      "integrity": "sha512-ZQloITsOYJ5+NWcf6lvPC2Vh/n6ET65mqykXTPKl5ydUcaX3DhAbchdoNhlx1csUCJRs7o1Rv0nMeiNOqHy52A=="
    },
    "@popperjs/core": {
      "version": "2.11.2",
      "resolved": "https://registry.npmjs.org/@popperjs/core/-/core-2.11.2.tgz",
      "integrity": "sha512-92FRmppjjqz29VMJ2dn+xdyXZBrMlE42AV6Kq6BwjWV7CNUW1hs2FtxSNLQE+gJhaZ6AAmYuO9y8dshhcBl7vA==",
      "peer": true
    },
    "bootstrap": {
      "version": "5.1.3",
      "resolved": "https://registry.npmjs.org/bootstrap/-/bootstrap-5.1.3.tgz",
      "integrity": "sha512-fcQztozJ8jToQWXxVuEyXWW+dSo8AiXWKwiSSrKWsRB/Qt+Ewwza+JWoLKiTuQLaEPhdNAJ7+Dosc9DOIqNy7Q==",
      "requires": {}
    },
    "dejavu-sans": {
      "version": "1.0.0",
      "resolved": "https://registry.npmjs.org/dejavu-sans/-/dejavu-sans-1.0.0.tgz",
      "integrity": "sha1-fDnRICZcJsUSCDrVdlvFwNEAsWQ="
    },
    "typeface-source-code-pro": {
      "version": "1.1.13",
      "resolved": "https://registry.npmjs.org/typeface-source-code-pro/-/typeface-source-code-pro-1.1.13.tgz",
      "integrity": "sha512-TX3c89uW9uc5SJNFWY8HBFkZqcxcNY7nJz0rw+0Pk2ZVsog/v2d04yKRsPU+jJI4wFegOvWXbOWt927i/xUdIw=="
    }
  }
}
